/cluster/scratch/hugifl/spacer_coverage_final_data_2/Diet1_Transcriptional_Units_TU_norm_V2_data/TU_coverage_data_summed.csv
/cluster/scratch/hugifl/spacer_coverage_final_data_2/Diet1_Transcriptional_Units_TU_norm_V2_data/TU_spacer_counts.csv
/cluster/scratch/hugifl/spacer_coverage_final_data_2/Diet1_Transcriptional_Units_TU_norm_V2_data/tot_number_aligned_reads.txt
/cluster/scratch/hugifl/spacer_coverage_final_data_2/Diet1_Transcriptional_Units_TU_norm_V2_data/TU_coverage_data_summed_TU_removed.csv
/cluster/scratch/hugifl/spacer_coverage_final_data_2/Diet1_Transcriptional_Units_TU_norm_V2_data/XY_data_Y_with_windows.npz
/cluster/scratch/hugifl/spacer_coverage_final_data_2/Diet1_Transcriptional_Units_TU_norm_V2_data/train_test_data_normalized_windows_info_.npz
