/cluster/scratch/hugifl/spacer_coverage_final_data/Diet2_window_3200_overlap_1600_no_binning_gene_normalized_data_data/window_coverage_data_summed.csv
/cluster/scratch/hugifl/spacer_coverage_final_data/Diet2_window_3200_overlap_1600_no_binning_gene_normalized_data_data/gene_spacer_counts.csv
/cluster/scratch/hugifl/spacer_coverage_final_data/Diet2_window_3200_overlap_1600_no_binning_gene_normalized_data_data/tot_number_aligned_reads.txt
/cluster/scratch/hugifl/spacer_coverage_final_data/Diet2_window_3200_overlap_1600_no_binning_gene_normalized_data_data/XY_data_Y_with_windows.npz
/cluster/scratch/hugifl/spacer_coverage_final_data/Diet2_window_3200_overlap_1600_no_binning_gene_normalized_data_data/train_test_data_normalized_windows_info_.npz
